
Microsoft Visual Studio Solution File, Format Version 12.00
# Visual Studio Version 17
VisualStudioVersion = 17.5.002.0
MinimumVisualStudioVersion = 10.0.40219.1
Project("{9A19103F-16F7-4668-BE54-9A1E7A4F7556}") = "arrayProjects", "arrayProjects\arrayProjects.csproj", "{82ADE637-A25F-49A3-9DC0-76EDCA5245C2}"
EndProject
Project("{9A19103F-16F7-4668-BE54-9A1E7A4F7556}") = "DoWhile", "DoWhile\DoWhile.csproj", "{34852989-D14B-4551-91FA-C2C44DADE042}"
EndProject
Project("{9A19103F-16F7-4668-BE54-9A1E7A4F7556}") = "TestProject", "DecisionLogic\TestProject.csproj", "{A65D4F83-CE50-40CD-8F2B-17D931720C1C}"
EndProject
Project("{9A19103F-16F7-4668-BE54-9A1E7A4F7556}") = "classes", "classes\classes.csproj", "{85AB00B8-B036-4479-9942-CB341B4680D6}"
EndProject
Project("{9A19103F-16F7-4668-BE54-9A1E7A4F7556}") = "conditionalOperators", "conditionalOperators\conditionalOperators.csproj", "{FC4D342C-25FF-49C2-B7E1-F6B12D3C956D}"
EndProject
Project("{9A19103F-16F7-4668-BE54-9A1E7A4F7556}") = "PerfectPractive", "PerfectPractice\PerfectPractive.csproj", "{5A510DEF-0FCA-4969-94BD-9E13D8C3CE63}"
EndProject
Project("{9A19103F-16F7-4668-BE54-9A1E7A4F7556}") = "switchPractice", "switchPractice\switchPractice.csproj", "{EB331939-3CAD-411A-9730-DC9B3094E6D1}"
EndProject
Project("{9A19103F-16F7-4668-BE54-9A1E7A4F7556}") = "Boolean", "Boolean\Boolean.csproj", "{0916318C-6743-40CF-9382-BAD4A29EE22C}"
EndProject
Project("{9A19103F-16F7-4668-BE54-9A1E7A4F7556}") = "ForEachProject", "ForEachProject\ForEachProject.csproj", "{B81695ED-3FA5-480F-A243-68927054AD89}"
EndProject
Project("{9A19103F-16F7-4668-BE54-9A1E7A4F7556}") = "codeBlocks", "codeBlocks\codeBlocks.csproj", "{6AE6E81A-F244-4DBC-BD84-8FB8FED22ABD}"
EndProject
Project("{9A19103F-16F7-4668-BE54-9A1E7A4F7556}") = "renewalRate", "RenewalRate\renewalRate.csproj", "{898317A8-E109-461C-9286-A07438D0651B}"
EndProject
Project("{9A19103F-16F7-4668-BE54-9A1E7A4F7556}") = "FizzBuzz", "FizzBuzz\FizzBuzz.csproj", "{DFD04547-CB00-453F-BC33-4C438842FB12}"
EndProject
Project("{2150E333-8FDC-42A3-9474-1A3956D46DE8}") = "DOWHILEpractice", "DOWHILEpractice", "{E9FB7DBB-8F5C-4D4A-A025-2669E711EBF8}"
EndProject
Project("{9A19103F-16F7-4668-BE54-9A1E7A4F7556}") = "practice3", "DOWHILEpractice\practice3\practice3.csproj", "{57E49D87-A910-4616-BFE1-02A0ADADD9D2}"
EndProject
Project("{9A19103F-16F7-4668-BE54-9A1E7A4F7556}") = "practice2", "DOWHILEpractice\practice2\practice2.csproj", "{CA9E1854-265B-41E8-9E85-B87BAB414C5D}"
EndProject
Project("{9A19103F-16F7-4668-BE54-9A1E7A4F7556}") = "practice1", "DOWHILEpractice\practice1\practice1.csproj", "{66DC3880-133D-47B9-987A-523DC500F3F1}"
EndProject
Project("{2150E333-8FDC-42A3-9474-1A3956D46DE8}") = "ForLoopPractice", "ForLoopPractice", "{FBAD05D2-8A6F-4207-BCD2-244B13F55249}"
EndProject
Project("{9A19103F-16F7-4668-BE54-9A1E7A4F7556}") = "Iteration", "ForLoopPractice\1\Iteration.csproj", "{F1857C5E-FC3A-4AC4-BA76-1D4046EC7330}"
EndProject
Project("{9A19103F-16F7-4668-BE54-9A1E7A4F7556}") = "3", "ForLoopPractice\3\3.csproj", "{6FEFCBC2-95B1-4CF2-9FC3-9B7BADA3795E}"
EndProject
Project("{9A19103F-16F7-4668-BE54-9A1E7A4F7556}") = "#2", "ForLoopPractice\2\#2.csproj", "{7F2C2359-5D39-4FAC-AABE-5F86534BD3B1}"
EndProject
Project("{2150E333-8FDC-42A3-9474-1A3956D46DE8}") = "studentScores", "studentScores", "{8F9D2611-E732-4073-A8F4-A34ECDACD903}"
EndProject
Project("{2150E333-8FDC-42A3-9474-1A3956D46DE8}") = "GuidedProject", "GuidedProject", "{80F9CD8D-42BA-45DE-89FB-92638457FC45}"
EndProject
Project("{9A19103F-16F7-4668-BE54-9A1E7A4F7556}") = "Starter", "studentScores\GuidedProject\Starter\Starter.csproj", "{E96B13EC-B39E-4A54-A795-DF2A1F79CA08}"
EndProject
Project("{9A19103F-16F7-4668-BE54-9A1E7A4F7556}") = "Final", "studentScores\GuidedProject\Final\Final.csproj", "{A56FF6F8-83DA-4141-BF44-890FB9003B8D}"
EndProject
Project("{2150E333-8FDC-42A3-9474-1A3956D46DE8}") = "Branching&Looping", "Branching&Looping", "{46EE6576-5513-4D64-87DD-D186AF4F409B}"
EndProject
Project("{2150E333-8FDC-42A3-9474-1A3956D46DE8}") = "Guided-project-branching-looping-CSharp-main", "Guided-project-branching-looping-CSharp-main", "{5385339C-5642-46EE-ADAB-DB94C325EB89}"
EndProject
Project("{2150E333-8FDC-42A3-9474-1A3956D46DE8}") = "GuidedProject", "GuidedProject", "{12F1B476-B2E0-4675-BB8B-02F5E2D1A0AD}"
EndProject
Project("{9A19103F-16F7-4668-BE54-9A1E7A4F7556}") = "Starter", "Branching&Looping\Guided-project-branching-looping-CSharp-main\GuidedProject\Starter\Starter.csproj", "{CB8F1839-9FF2-4120-AB80-8141DE8D672D}"
EndProject
Project("{9A19103F-16F7-4668-BE54-9A1E7A4F7556}") = "Final", "Branching&Looping\Guided-project-branching-looping-CSharp-main\GuidedProject\Final\Final.csproj", "{8589FBE7-DF1F-440D-9A0C-7A42B1628045}"
EndProject
Global
	GlobalSection(SolutionConfigurationPlatforms) = preSolution
		Debug|Any CPU = Debug|Any CPU
		Release|Any CPU = Release|Any CPU
	EndGlobalSection
	GlobalSection(ProjectConfigurationPlatforms) = postSolution
		{82ADE637-A25F-49A3-9DC0-76EDCA5245C2}.Debug|Any CPU.ActiveCfg = Debug|Any CPU
		{82ADE637-A25F-49A3-9DC0-76EDCA5245C2}.Debug|Any CPU.Build.0 = Debug|Any CPU
		{82ADE637-A25F-49A3-9DC0-76EDCA5245C2}.Release|Any CPU.ActiveCfg = Release|Any CPU
		{82ADE637-A25F-49A3-9DC0-76EDCA5245C2}.Release|Any CPU.Build.0 = Release|Any CPU
		{34852989-D14B-4551-91FA-C2C44DADE042}.Debug|Any CPU.ActiveCfg = Debug|Any CPU
		{34852989-D14B-4551-91FA-C2C44DADE042}.Debug|Any CPU.Build.0 = Debug|Any CPU
		{34852989-D14B-4551-91FA-C2C44DADE042}.Release|Any CPU.ActiveCfg = Release|Any CPU
		{34852989-D14B-4551-91FA-C2C44DADE042}.Release|Any CPU.Build.0 = Release|Any CPU
		{A65D4F83-CE50-40CD-8F2B-17D931720C1C}.Debug|Any CPU.ActiveCfg = Debug|Any CPU
		{A65D4F83-CE50-40CD-8F2B-17D931720C1C}.Debug|Any CPU.Build.0 = Debug|Any CPU
		{A65D4F83-CE50-40CD-8F2B-17D931720C1C}.Release|Any CPU.ActiveCfg = Release|Any CPU
		{A65D4F83-CE50-40CD-8F2B-17D931720C1C}.Release|Any CPU.Build.0 = Release|Any CPU
		{85AB00B8-B036-4479-9942-CB341B4680D6}.Debug|Any CPU.ActiveCfg = Debug|Any CPU
		{85AB00B8-B036-4479-9942-CB341B4680D6}.Debug|Any CPU.Build.0 = Debug|Any CPU
		{85AB00B8-B036-4479-9942-CB341B4680D6}.Release|Any CPU.ActiveCfg = Release|Any CPU
		{85AB00B8-B036-4479-9942-CB341B4680D6}.Release|Any CPU.Build.0 = Release|Any CPU
		{FC4D342C-25FF-49C2-B7E1-F6B12D3C956D}.Debug|Any CPU.ActiveCfg = Debug|Any CPU
		{FC4D342C-25FF-49C2-B7E1-F6B12D3C956D}.Debug|Any CPU.Build.0 = Debug|Any CPU
		{FC4D342C-25FF-49C2-B7E1-F6B12D3C956D}.Release|Any CPU.ActiveCfg = Release|Any CPU
		{FC4D342C-25FF-49C2-B7E1-F6B12D3C956D}.Release|Any CPU.Build.0 = Release|Any CPU
		{5A510DEF-0FCA-4969-94BD-9E13D8C3CE63}.Debug|Any CPU.ActiveCfg = Debug|Any CPU
		{5A510DEF-0FCA-4969-94BD-9E13D8C3CE63}.Debug|Any CPU.Build.0 = Debug|Any CPU
		{5A510DEF-0FCA-4969-94BD-9E13D8C3CE63}.Release|Any CPU.ActiveCfg = Release|Any CPU
		{5A510DEF-0FCA-4969-94BD-9E13D8C3CE63}.Release|Any CPU.Build.0 = Release|Any CPU
		{EB331939-3CAD-411A-9730-DC9B3094E6D1}.Debug|Any CPU.ActiveCfg = Debug|Any CPU
		{EB331939-3CAD-411A-9730-DC9B3094E6D1}.Debug|Any CPU.Build.0 = Debug|Any CPU
		{EB331939-3CAD-411A-9730-DC9B3094E6D1}.Release|Any CPU.ActiveCfg = Release|Any CPU
		{EB331939-3CAD-411A-9730-DC9B3094E6D1}.Release|Any CPU.Build.0 = Release|Any CPU
		{0916318C-6743-40CF-9382-BAD4A29EE22C}.Debug|Any CPU.ActiveCfg = Debug|Any CPU
		{0916318C-6743-40CF-9382-BAD4A29EE22C}.Debug|Any CPU.Build.0 = Debug|Any CPU
		{0916318C-6743-40CF-9382-BAD4A29EE22C}.Release|Any CPU.ActiveCfg = Release|Any CPU
		{0916318C-6743-40CF-9382-BAD4A29EE22C}.Release|Any CPU.Build.0 = Release|Any CPU
		{B81695ED-3FA5-480F-A243-68927054AD89}.Debug|Any CPU.ActiveCfg = Debug|Any CPU
		{B81695ED-3FA5-480F-A243-68927054AD89}.Debug|Any CPU.Build.0 = Debug|Any CPU
		{B81695ED-3FA5-480F-A243-68927054AD89}.Release|Any CPU.ActiveCfg = Release|Any CPU
		{B81695ED-3FA5-480F-A243-68927054AD89}.Release|Any CPU.Build.0 = Release|Any CPU
		{6AE6E81A-F244-4DBC-BD84-8FB8FED22ABD}.Debug|Any CPU.ActiveCfg = Debug|Any CPU
		{6AE6E81A-F244-4DBC-BD84-8FB8FED22ABD}.Debug|Any CPU.Build.0 = Debug|Any CPU
		{6AE6E81A-F244-4DBC-BD84-8FB8FED22ABD}.Release|Any CPU.ActiveCfg = Release|Any CPU
		{6AE6E81A-F244-4DBC-BD84-8FB8FED22ABD}.Release|Any CPU.Build.0 = Release|Any CPU
		{898317A8-E109-461C-9286-A07438D0651B}.Debug|Any CPU.ActiveCfg = Debug|Any CPU
		{898317A8-E109-461C-9286-A07438D0651B}.Debug|Any CPU.Build.0 = Debug|Any CPU
		{898317A8-E109-461C-9286-A07438D0651B}.Release|Any CPU.ActiveCfg = Release|Any CPU
		{898317A8-E109-461C-9286-A07438D0651B}.Release|Any CPU.Build.0 = Release|Any CPU
		{DFD04547-CB00-453F-BC33-4C438842FB12}.Debug|Any CPU.ActiveCfg = Debug|Any CPU
		{DFD04547-CB00-453F-BC33-4C438842FB12}.Debug|Any CPU.Build.0 = Debug|Any CPU
		{DFD04547-CB00-453F-BC33-4C438842FB12}.Release|Any CPU.ActiveCfg = Release|Any CPU
		{DFD04547-CB00-453F-BC33-4C438842FB12}.Release|Any CPU.Build.0 = Release|Any CPU
		{57E49D87-A910-4616-BFE1-02A0ADADD9D2}.Debug|Any CPU.ActiveCfg = Debug|Any CPU
		{57E49D87-A910-4616-BFE1-02A0ADADD9D2}.Debug|Any CPU.Build.0 = Debug|Any CPU
		{57E49D87-A910-4616-BFE1-02A0ADADD9D2}.Release|Any CPU.ActiveCfg = Release|Any CPU
		{57E49D87-A910-4616-BFE1-02A0ADADD9D2}.Release|Any CPU.Build.0 = Release|Any CPU
		{CA9E1854-265B-41E8-9E85-B87BAB414C5D}.Debug|Any CPU.ActiveCfg = Debug|Any CPU
		{CA9E1854-265B-41E8-9E85-B87BAB414C5D}.Debug|Any CPU.Build.0 = Debug|Any CPU
		{CA9E1854-265B-41E8-9E85-B87BAB414C5D}.Release|Any CPU.ActiveCfg = Release|Any CPU
		{CA9E1854-265B-41E8-9E85-B87BAB414C5D}.Release|Any CPU.Build.0 = Release|Any CPU
		{66DC3880-133D-47B9-987A-523DC500F3F1}.Debug|Any CPU.ActiveCfg = Debug|Any CPU
		{66DC3880-133D-47B9-987A-523DC500F3F1}.Debug|Any CPU.Build.0 = Debug|Any CPU
		{66DC3880-133D-47B9-987A-523DC500F3F1}.Release|Any CPU.ActiveCfg = Release|Any CPU
		{66DC3880-133D-47B9-987A-523DC500F3F1}.Release|Any CPU.Build.0 = Release|Any CPU
		{F1857C5E-FC3A-4AC4-BA76-1D4046EC7330}.Debug|Any CPU.ActiveCfg = Debug|Any CPU
		{F1857C5E-FC3A-4AC4-BA76-1D4046EC7330}.Debug|Any CPU.Build.0 = Debug|Any CPU
		{F1857C5E-FC3A-4AC4-BA76-1D4046EC7330}.Release|Any CPU.ActiveCfg = Release|Any CPU
		{F1857C5E-FC3A-4AC4-BA76-1D4046EC7330}.Release|Any CPU.Build.0 = Release|Any CPU
		{6FEFCBC2-95B1-4CF2-9FC3-9B7BADA3795E}.Debug|Any CPU.ActiveCfg = Debug|Any CPU
		{6FEFCBC2-95B1-4CF2-9FC3-9B7BADA3795E}.Debug|Any CPU.Build.0 = Debug|Any CPU
		{6FEFCBC2-95B1-4CF2-9FC3-9B7BADA3795E}.Release|Any CPU.ActiveCfg = Release|Any CPU
		{6FEFCBC2-95B1-4CF2-9FC3-9B7BADA3795E}.Release|Any CPU.Build.0 = Release|Any CPU
		{7F2C2359-5D39-4FAC-AABE-5F86534BD3B1}.Debug|Any CPU.ActiveCfg = Debug|Any CPU
		{7F2C2359-5D39-4FAC-AABE-5F86534BD3B1}.Debug|Any CPU.Build.0 = Debug|Any CPU
		{7F2C2359-5D39-4FAC-AABE-5F86534BD3B1}.Release|Any CPU.ActiveCfg = Release|Any CPU
		{7F2C2359-5D39-4FAC-AABE-5F86534BD3B1}.Release|Any CPU.Build.0 = Release|Any CPU
		{E96B13EC-B39E-4A54-A795-DF2A1F79CA08}.Debug|Any CPU.ActiveCfg = Debug|Any CPU
		{E96B13EC-B39E-4A54-A795-DF2A1F79CA08}.Debug|Any CPU.Build.0 = Debug|Any CPU
		{E96B13EC-B39E-4A54-A795-DF2A1F79CA08}.Release|Any CPU.ActiveCfg = Release|Any CPU
		{E96B13EC-B39E-4A54-A795-DF2A1F79CA08}.Release|Any CPU.Build.0 = Release|Any CPU
		{A56FF6F8-83DA-4141-BF44-890FB9003B8D}.Debug|Any CPU.ActiveCfg = Debug|Any CPU
		{A56FF6F8-83DA-4141-BF44-890FB9003B8D}.Debug|Any CPU.Build.0 = Debug|Any CPU
		{A56FF6F8-83DA-4141-BF44-890FB9003B8D}.Release|Any CPU.ActiveCfg = Release|Any CPU
		{A56FF6F8-83DA-4141-BF44-890FB9003B8D}.Release|Any CPU.Build.0 = Release|Any CPU
		{CB8F1839-9FF2-4120-AB80-8141DE8D672D}.Debug|Any CPU.ActiveCfg = Debug|Any CPU
		{CB8F1839-9FF2-4120-AB80-8141DE8D672D}.Debug|Any CPU.Build.0 = Debug|Any CPU
		{CB8F1839-9FF2-4120-AB80-8141DE8D672D}.Release|Any CPU.ActiveCfg = Release|Any CPU
		{CB8F1839-9FF2-4120-AB80-8141DE8D672D}.Release|Any CPU.Build.0 = Release|Any CPU
		{8589FBE7-DF1F-440D-9A0C-7A42B1628045}.Debug|Any CPU.ActiveCfg = Debug|Any CPU
		{8589FBE7-DF1F-440D-9A0C-7A42B1628045}.Debug|Any CPU.Build.0 = Debug|Any CPU
		{8589FBE7-DF1F-440D-9A0C-7A42B1628045}.Release|Any CPU.ActiveCfg = Release|Any CPU
		{8589FBE7-DF1F-440D-9A0C-7A42B1628045}.Release|Any CPU.Build.0 = Release|Any CPU
	EndGlobalSection
	GlobalSection(SolutionProperties) = preSolution
		HideSolutionNode = FALSE
	EndGlobalSection
	GlobalSection(NestedProjects) = preSolution
		{57E49D87-A910-4616-BFE1-02A0ADADD9D2} = {E9FB7DBB-8F5C-4D4A-A025-2669E711EBF8}
		{CA9E1854-265B-41E8-9E85-B87BAB414C5D} = {E9FB7DBB-8F5C-4D4A-A025-2669E711EBF8}
		{66DC3880-133D-47B9-987A-523DC500F3F1} = {E9FB7DBB-8F5C-4D4A-A025-2669E711EBF8}
		{F1857C5E-FC3A-4AC4-BA76-1D4046EC7330} = {FBAD05D2-8A6F-4207-BCD2-244B13F55249}
		{6FEFCBC2-95B1-4CF2-9FC3-9B7BADA3795E} = {FBAD05D2-8A6F-4207-BCD2-244B13F55249}
		{7F2C2359-5D39-4FAC-AABE-5F86534BD3B1} = {FBAD05D2-8A6F-4207-BCD2-244B13F55249}
		{80F9CD8D-42BA-45DE-89FB-92638457FC45} = {8F9D2611-E732-4073-A8F4-A34ECDACD903}
		{E96B13EC-B39E-4A54-A795-DF2A1F79CA08} = {80F9CD8D-42BA-45DE-89FB-92638457FC45}
		{A56FF6F8-83DA-4141-BF44-890FB9003B8D} = {80F9CD8D-42BA-45DE-89FB-92638457FC45}
		{5385339C-5642-46EE-ADAB-DB94C325EB89} = {46EE6576-5513-4D64-87DD-D186AF4F409B}
		{12F1B476-B2E0-4675-BB8B-02F5E2D1A0AD} = {5385339C-5642-46EE-ADAB-DB94C325EB89}
		{CB8F1839-9FF2-4120-AB80-8141DE8D672D} = {12F1B476-B2E0-4675-BB8B-02F5E2D1A0AD}
		{8589FBE7-DF1F-440D-9A0C-7A42B1628045} = {12F1B476-B2E0-4675-BB8B-02F5E2D1A0AD}
	EndGlobalSection
	GlobalSection(ExtensibilityGlobals) = postSolution
		SolutionGuid = {843288C5-FA6C-4BBA-8BEE-F6148DEA6405}
	EndGlobalSection
EndGlobal
